
Microsoft Visual Studio Solution File, Format Version 9.00
# Visual Studio 2005
Project("{8BC9CEB8-8B4A-11D0-8D11-00A0C91BC942}") = "cppa", "cppa.vcproj", "{1240A9E5-7C3E-43B9-BB1B-66C5A96E572F}"
EndProject
Global
	GlobalSection(SolutionConfigurationPlatforms) = preSolution
		Debug GE|Win32 = Debug GE|Win32
		Debug|Win32 = Debug|Win32
		Release GE|Win32 = Release GE|Win32
		Release|Win32 = Release|Win32
	EndGlobalSection
	GlobalSection(ProjectConfigurationPlatforms) = postSolution
		{1240A9E5-7C3E-43B9-BB1B-66C5A96E572F}.Debug GE|Win32.ActiveCfg = Debug GE|Win32
		{1240A9E5-7C3E-43B9-BB1B-66C5A96E572F}.Debug GE|Win32.Build.0 = Debug GE|Win32
		{1240A9E5-7C3E-43B9-BB1B-66C5A96E572F}.Debug|Win32.ActiveCfg = Debug|Win32
		{1240A9E5-7C3E-43B9-BB1B-66C5A96E572F}.Debug|Win32.Build.0 = Debug|Win32
		{1240A9E5-7C3E-43B9-BB1B-66C5A96E572F}.Release GE|Win32.ActiveCfg = Release GE|Win32
		{1240A9E5-7C3E-43B9-BB1B-66C5A96E572F}.Release GE|Win32.Build.0 = Release GE|Win32
		{1240A9E5-7C3E-43B9-BB1B-66C5A96E572F}.Release|Win32.ActiveCfg = Release|Win32
		{1240A9E5-7C3E-43B9-BB1B-66C5A96E572F}.Release|Win32.Build.0 = Release|Win32
	EndGlobalSection
	GlobalSection(SolutionProperties) = preSolution
		HideSolutionNode = FALSE
	EndGlobalSection
EndGlobal
